// !$*UTF8*$!
{
	archiveVersion = 1;
	classes = {
	};
	objectVersion = 50;
	objects = {

/* Begin PBXBuildFile section */
		5D39FD8F2338CB0900914943 /* SlotMachineDelegate.swift in Sources */ = {isa = PBXBuildFile; fileRef = 5D39FD8E2338CB0900914943 /* SlotMachineDelegate.swift */; };
		5DF56C22233667D500A4A566 /* AppDelegate.swift in Sources */ = {isa = PBXBuildFile; fileRef = 5DF56C21233667D500A4A566 /* AppDelegate.swift */; };
		5DF56C24233667D500A4A566 /* ViewController.swift in Sources */ = {isa = PBXBuildFile; fileRef = 5DF56C23233667D500A4A566 /* ViewController.swift */; };
		5DF56C27233667D500A4A566 /* Main.storyboard in Resources */ = {isa = PBXBuildFile; fileRef = 5DF56C25233667D500A4A566 /* Main.storyboard */; };
		5DF56C2C233667D800A4A566 /* LaunchScreen.storyboard in Resources */ = {isa = PBXBuildFile; fileRef = 5DF56C2A233667D800A4A566 /* LaunchScreen.storyboard */; };
		5DF56C342336680300A4A566 /* SlotMachine.swift in Sources */ = {isa = PBXBuildFile; fileRef = 5DF56C332336680300A4A566 /* SlotMachine.swift */; };
		5DF56C362338933600A4A566 /* UIView + Extensions.swift in Sources */ = {isa = PBXBuildFile; fileRef = 5DF56C352338933600A4A566 /* UIView + Extensions.swift */; };
		5DF56C3A233897A300A4A566 /* SlotMachineDataSource.swift in Sources */ = {isa = PBXBuildFile; fileRef = 5DF56C39233897A300A4A566 /* SlotMachineDataSource.swift */; };
/* End PBXBuildFile section */

/* Begin PBXFileReference section */
		5D39FD8E2338CB0900914943 /* SlotMachineDelegate.swift */ = {isa = PBXFileReference; lastKnownFileType = sourcecode.swift; path = SlotMachineDelegate.swift; sourceTree = "<group>"; };
		5DF56C1E233667D500A4A566 /* SlotMachine.app */ = {isa = PBXFileReference; explicitFileType = wrapper.application; includeInIndex = 0; path = SlotMachine.app; sourceTree = BUILT_PRODUCTS_DIR; };
		5DF56C21233667D500A4A566 /* AppDelegate.swift */ = {isa = PBXFileReference; lastKnownFileType = sourcecode.swift; path = AppDelegate.swift; sourceTree = "<group>"; };
		5DF56C23233667D500A4A566 /* ViewController.swift */ = {isa = PBXFileReference; lastKnownFileType = sourcecode.swift; path = ViewController.swift; sourceTree = "<group>"; };
		5DF56C26233667D500A4A566 /* Base */ = {isa = PBXFileReference; lastKnownFileType = file.storyboard; name = Base; path = Base.lproj/Main.storyboard; sourceTree = "<group>"; };
		5DF56C2B233667D800A4A566 /* Base */ = {isa = PBXFileReference; lastKnownFileType = file.storyboard; name = Base; path = Base.lproj/LaunchScreen.storyboard; sourceTree = "<group>"; };
		5DF56C2D233667D800A4A566 /* Info.plist */ = {isa = PBXFileReference; lastKnownFileType = text.plist.xml; path = Info.plist; sourceTree = "<group>"; };
		5DF56C332336680300A4A566 /* SlotMachine.swift */ = {isa = PBXFileReference; lastKnownFileType = sourcecode.swift; path = SlotMachine.swift; sourceTree = "<group>"; };
		5DF56C352338933600A4A566 /* UIView + Extensions.swift */ = {isa = PBXFileReference; lastKnownFileType = sourcecode.swift; path = "UIView + Extensions.swift"; sourceTree = "<group>"; };
		5DF56C39233897A300A4A566 /* SlotMachineDataSource.swift */ = {isa = PBXFileReference; lastKnownFileType = sourcecode.swift; path = SlotMachineDataSource.swift; sourceTree = "<group>"; };
/* End PBXFileReference section */

/* Begin PBXFrameworksBuildPhase section */
		5DF56C1B233667D500A4A566 /* Frameworks */ = {
			isa = PBXFrameworksBuildPhase;
			buildActionMask = 2147483647;
			files = (
			);
			runOnlyForDeploymentPostprocessing = 0;
		};
/* End PBXFrameworksBuildPhase section */

/* Begin PBXGroup section */
		5DF56C15233667D500A4A566 = {
			isa = PBXGroup;
			children = (
				5DF56C20233667D500A4A566 /* SlotMachine */,
				5DF56C1F233667D500A4A566 /* Products */,
			);
			sourceTree = "<group>";
		};
		5DF56C1F233667D500A4A566 /* Products */ = {
			isa = PBXGroup;
			children = (
				5DF56C1E233667D500A4A566 /* SlotMachine.app */,
			);
			name = Products;
			sourceTree = "<group>";
		};
		5DF56C20233667D500A4A566 /* SlotMachine */ = {
			isa = PBXGroup;
			children = (
				5DF56C372338972A00A4A566 /* Supporting Files */,
				5DF56C382338973E00A4A566 /* SlotMachine */,
				5DF56C23233667D500A4A566 /* ViewController.swift */,
			);
			path = SlotMachine;
			sourceTree = "<group>";
		};
		5DF56C372338972A00A4A566 /* Supporting Files */ = {
			isa = PBXGroup;
			children = (
				5DF56C2D233667D800A4A566 /* Info.plist */,
				5DF56C25233667D500A4A566 /* Main.storyboard */,
				5DF56C2A233667D800A4A566 /* LaunchScreen.storyboard */,
				5DF56C21233667D500A4A566 /* AppDelegate.swift */,
				5DF56C352338933600A4A566 /* UIView + Extensions.swift */,
			);
			path = "Supporting Files";
			sourceTree = "<group>";
		};
		5DF56C382338973E00A4A566 /* SlotMachine */ = {
			isa = PBXGroup;
			children = (
				5DF56C332336680300A4A566 /* SlotMachine.swift */,
				5DF56C39233897A300A4A566 /* SlotMachineDataSource.swift */,
				5D39FD8E2338CB0900914943 /* SlotMachineDelegate.swift */,
			);
			path = SlotMachine;
			sourceTree = "<group>";
		};
/* End PBXGroup section */

/* Begin PBXNativeTarget section */
		5DF56C1D233667D500A4A566 /* SlotMachine */ = {
			isa = PBXNativeTarget;
			buildConfigurationList = 5DF56C30233667D800A4A566 /* Build configuration list for PBXNativeTarget "SlotMachine" */;
			buildPhases = (
				5DF56C1A233667D500A4A566 /* Sources */,
				5DF56C1B233667D500A4A566 /* Frameworks */,
				5DF56C1C233667D500A4A566 /* Resources */,
			);
			buildRules = (
			);
			dependencies = (
			);
			name = SlotMachine;
			productName = SlotMachine;
			productReference = 5DF56C1E233667D500A4A566 /* SlotMachine.app */;
			productType = "com.apple.product-type.application";
		};
/* End PBXNativeTarget section */

/* Begin PBXProject section */
		5DF56C16233667D500A4A566 /* Project object */ = {
			isa = PBXProject;
			attributes = {
				LastSwiftUpdateCheck = 1020;
				LastUpgradeCheck = 1020;
				ORGANIZATIONNAME = "Алпамыс";
				TargetAttributes = {
					5DF56C1D233667D500A4A566 = {
						CreatedOnToolsVersion = 10.2.1;
					};
				};
			};
			buildConfigurationList = 5DF56C19233667D500A4A566 /* Build configuration list for PBXProject "SlotMachine" */;
			compatibilityVersion = "Xcode 9.3";
			developmentRegion = en;
			hasScannedForEncodings = 0;
			knownRegions = (
				en,
				Base,
			);
			mainGroup = 5DF56C15233667D500A4A566;
			productRefGroup = 5DF56C1F233667D500A4A566 /* Products */;
			projectDirPath = "";
			projectRoot = "";
			targets = (
				5DF56C1D233667D500A4A566 /* SlotMachine */,
			);
		};
/* End PBXProject section */

/* Begin PBXResourcesBuildPhase section */
		5DF56C1C233667D500A4A566 /* Resources */ = {
			isa = PBXResourcesBuildPhase;
			buildActionMask = 2147483647;
			files = (
				5DF56C2C233667D800A4A566 /* LaunchScreen.storyboard in Resources */,
				5DF56C27233667D500A4A566 /* Main.storyboard in Resources */,
			);
			runOnlyForDeploymentPostprocessing = 0;
		};
/* End PBXResourcesBuildPhase section */

/* Begin PBXSourcesBuildPhase section */
		5DF56C1A233667D500A4A566 /* Sources */ = {
			isa = PBXSourcesBuildPhase;
			buildActionMask = 2147483647;
			files = (
				5DF56C362338933600A4A566 /* UIView + Extensions.swift in Sources */,
				5DF56C24233667D500A4A566 /* ViewController.swift in Sources */,
				5D39FD8F2338CB0900914943 /* SlotMachineDelegate.swift in Sources */,
				5DF56C22233667D500A4A566 /* AppDelegate.swift in Sources */,
				5DF56C342336680300A4A566 /* SlotMachine.swift in Sources */,
				5DF56C3A233897A300A4A566 /* SlotMachineDataSource.swift in Sources */,
			);
			runOnlyForDeploymentPostprocessing = 0;
		};
/* End PBXSourcesBuildPhase section */

/* Begin PBXVariantGroup section */
		5DF56C25233667D500A4A566 /* Main.storyboard */ = {
			isa = PBXVariantGroup;
			children = (
				5DF56C26233667D500A4A566 /* Base */,
			);
			name = Main.storyboard;
			sourceTree = "<group>";
		};
		5DF56C2A233667D800A4A566 /* LaunchScreen.storyboard */ = {
			isa = PBXVariantGroup;
			children = (
				5DF56C2B233667D800A4A566 /* Base */,
			);
			name = LaunchScreen.storyboard;
			sourceTree = "<group>";
		};
/* End PBXVariantGroup section */

/* Begin XCBuildConfiguration section */
		5DF56C2E233667D800A4A566 /* Debug */ = {
			isa = XCBuildConfiguration;
			buildSettings = {
				ALWAYS_SEARCH_USER_PATHS = NO;
				CLANG_ANALYZER_NONNULL = YES;
				CLANG_ANALYZER_NUMBER_OBJECT_CONVERSION = YES_AGGRESSIVE;
				CLANG_CXX_LANGUAGE_STANDARD = "gnu++14";
				CLANG_CXX_LIBRARY = "libc++";
				CLANG_ENABLE_MODULES = YES;
				CLANG_ENABLE_OBJC_ARC = YES;
				CLANG_ENABLE_OBJC_WEAK = YES;
				CLANG_WARN_BLOCK_CAPTURE_AUTORELEASING = YES;
				CLANG_WARN_BOOL_CONVERSION = YES;
				CLANG_WARN_COMMA = YES;
				CLANG_WARN_CONSTANT_CONVERSION = YES;
				CLANG_WARN_DEPRECATED_OBJC_IMPLEMENTATIONS = YES;
				CLANG_WARN_DIRECT_OBJC_ISA_USAGE = YES_ERROR;
				CLANG_WARN_DOCUMENTATION_COMMENTS = YES;
				CLANG_WARN_EMPTY_BODY = YES;
				CLANG_WARN_ENUM_CONVERSION = YES;
				CLANG_WARN_INFINITE_RECURSION = YES;
				CLANG_WARN_INT_CONVERSION = YES;
				CLANG_WARN_NON_LITERAL_NULL_CONVERSION = YES;
				CLANG_WARN_OBJC_IMPLICIT_RETAIN_SELF = YES;
				CLANG_WARN_OBJC_LITERAL_CONVERSION = YES;
				CLANG_WARN_OBJC_ROOT_CLASS = YES_ERROR;
				CLANG_WARN_RANGE_LOOP_ANALYSIS = YES;
				CLANG_WARN_STRICT_PROTOTYPES = YES;
				CLANG_WARN_SUSPICIOUS_MOVE = YES;
				CLANG_WARN_UNGUARDED_AVAILABILITY = YES_AGGRESSIVE;
				CLANG_WARN_UNREACHABLE_CODE = YES;
				CLANG_WARN__DUPLICATE_METHOD_MATCH = YES;
				CODE_SIGN_IDENTITY = "iPhone Developer";
				COPY_PHASE_STRIP = NO;
				DEBUG_INFORMATION_FORMAT = dwarf;
				ENABLE_STRICT_OBJC_MSGSEND = YES;
				ENABLE_TESTABILITY = YES;
				GCC_C_LANGUAGE_STANDARD = gnu11;
				GCC_DYNAMIC_NO_PIC = NO;
				GCC_NO_COMMON_BLOCKS = YES;
				GCC_OPTIMIZATION_LEVEL = 0;
				GCC_PREPROCESSOR_DEFINITIONS = (
					"DEBUG=1",
					"$(inherited)",
				);
				GCC_WARN_64_TO_32_BIT_CONVERSION = YES;
				GCC_WARN_ABOUT_RETURN_TYPE = YES_ERROR;
				GCC_WARN_UNDECLARED_SELECTOR = YES;
				GCC_WARN_UNINITIALIZED_AUTOS = YES_AGGRESSIVE;
				GCC_WARN_UNUSED_FUNCTION = YES;
				GCC_WARN_UNUSED_VARIABLE = YES;
				IPHONEOS_DEPLOYMENT_TARGET = 12.2;
				MTL_ENABLE_DEBUG_INFO = INCLUDE_SOURCE;
				MTL_FAST_MATH = YES;
				ONLY_ACTIVE_ARCH = YES;
				SDKROOT = iphoneos;
				SWIFT_ACTIVE_COMPILATION_CONDITIONS = DEBUG;
				SWIFT_OPTIMIZATION_LEVEL = "-Onone";
			};
			name = Debug;
		};
		5DF56C2F233667D800A4A566 /* Release */ = {
			isa = XCBuildConfiguration;
			buildSettings = {
				ALWAYS_SEARCH_USER_PATHS = NO;
				CLANG_ANALYZER_NONNULL = YES;
				CLANG_ANALYZER_NUMBER_OBJECT_CONVERSION = YES_AGGRESSIVE;
				CLANG_CXX_LANGUAGE_STANDARD = "gnu++14";
				CLANG_CXX_LIBRARY = "libc++";
				CLANG_ENABLE_MODULES = YES;
				CLANG_ENABLE_OBJC_ARC = YES;
				CLANG_ENABLE_OBJC_WEAK = YES;
				CLANG_WARN_BLOCK_CAPTURE_AUTORELEASING = YES;
				CLANG_WARN_BOOL_CONVERSION = YES;
				CLANG_WARN_COMMA = YES;
				CLANG_WARN_CONSTANT_CONVERSION = YES;
				CLANG_WARN_DEPRECATED_OBJC_IMPLEMENTATIONS = YES;
				CLANG_WARN_DIRECT_OBJC_ISA_USAGE = YES_ERROR;
				CLANG_WARN_DOCUMENTATION_COMMENTS = YES;
				CLANG_WARN_EMPTY_BODY = YES;
				CLANG_WARN_ENUM_CONVERSION = YES;
				CLANG_WARN_INFINITE_RECURSION = YES;
				CLANG_WARN_INT_CONVERSION = YES;
				CLANG_WARN_NON_LITERAL_NULL_CONVERSION = YES;
				CLANG_WARN_OBJC_IMPLICIT_RETAIN_SELF = YES;
				CLANG_WARN_OBJC_LITERAL_CONVERSION = YES;
				CLANG_WARN_OBJC_ROOT_CLASS = YES_ERROR;
				CLANG_WARN_RANGE_LOOP_ANALYSIS = YES;
				CLANG_WARN_STRICT_PROTOTYPES = YES;
				CLANG_WARN_SUSPICIOUS_MOVE = YES;
				CLANG_WARN_UNGUARDED_AVAILABILITY = YES_AGGRESSIVE;
				CLANG_WARN_UNREACHABLE_CODE = YES;
				CLANG_WARN__DUPLICATE_METHOD_MATCH = YES;
				CODE_SIGN_IDENTITY = "iPhone Developer";
				COPY_PHASE_STRIP = NO;
				DEBUG_INFORMATION_FORMAT = "dwarf-with-dsym";
				ENABLE_NS_ASSERTIONS = NO;
				ENABLE_STRICT_OBJC_MSGSEND = YES;
				GCC_C_LANGUAGE_STANDARD = gnu11;
				GCC_NO_COMMON_BLOCKS = YES;
				GCC_WARN_64_TO_32_BIT_CONVERSION = YES;
				GCC_WARN_ABOUT_RETURN_TYPE = YES_ERROR;
				GCC_WARN_UNDECLARED_SELECTOR = YES;
				GCC_WARN_UNINITIALIZED_AUTOS = YES_AGGRESSIVE;
				GCC_WARN_UNUSED_FUNCTION = YES;
				GCC_WARN_UNUSED_VARIABLE = YES;
				IPHONEOS_DEPLOYMENT_TARGET = 12.2;
				MTL_ENABLE_DEBUG_INFO = NO;
				MTL_FAST_MATH = YES;
				SDKROOT = iphoneos;
				SWIFT_COMPILATION_MODE = wholemodule;
				SWIFT_OPTIMIZATION_LEVEL = "-O";
				VALIDATE_PRODUCT = YES;
			};
			name = Release;
		};
		5DF56C31233667D800A4A566 /* Debug */ = {
			isa = XCBuildConfiguration;
			buildSettings = {
				ASSETCATALOG_COMPILER_APPICON_NAME = AppIcon;
				CODE_SIGN_STYLE = Automatic;
				INFOPLIST_FILE = "SlotMachine/Supporting Files/Info.plist";
				LD_RUNPATH_SEARCH_PATHS = (
					"$(inherited)",
					"@executable_path/Frameworks",
				);
				PRODUCT_BUNDLE_IDENTIFIER = Alpamys.SlotMachine;
				PRODUCT_NAME = "$(TARGET_NAME)";
				SWIFT_VERSION = 5.0;
				TARGETED_DEVICE_FAMILY = "1,2";
			};
			name = Debug;
		};
		5DF56C32233667D800A4A566 /* Release */ = {
			isa = XCBuildConfiguration;
			buildSettings = {
				ASSETCATALOG_COMPILER_APPICON_NAME = AppIcon;
				CODE_SIGN_STYLE = Automatic;
				INFOPLIST_FILE = "SlotMachine/Supporting Files/Info.plist";
				LD_RUNPATH_SEARCH_PATHS = (
					"$(inherited)",
					"@executable_path/Frameworks",
				);
				PRODUCT_BUNDLE_IDENTIFIER = Alpamys.SlotMachine;
				PRODUCT_NAME = "$(TARGET_NAME)";
				SWIFT_VERSION = 5.0;
				TARGETED_DEVICE_FAMILY = "1,2";
			};
			name = Release;
		};
/* End XCBuildConfiguration section */

/* Begin XCConfigurationList section */
		5DF56C19233667D500A4A566 /* Build configuration list for PBXProject "SlotMachine" */ = {
			isa = XCConfigurationList;
			buildConfigurations = (
				5DF56C2E233667D800A4A566 /* Debug */,
				5DF56C2F233667D800A4A566 /* Release */,
			);
			defaultConfigurationIsVisible = 0;
			defaultConfigurationName = Release;
		};
		5DF56C30233667D800A4A566 /* Build configuration list for PBXNativeTarget "SlotMachine" */ = {
			isa = XCConfigurationList;
			buildConfigurations = (
				5DF56C31233667D800A4A566 /* Debug */,
				5DF56C32233667D800A4A566 /* Release */,
			);
			defaultConfigurationIsVisible = 0;
			defaultConfigurationName = Release;
		};
/* End XCConfigurationList section */
	};
	rootObject = 5DF56C16233667D500A4A566 /* Project object */;
}
